PODS:
  - Differentiator (4.0.1)
  - ESPullToRefresh (2.9.3)
  - RxCocoa (5.1.1):
    - RxRelay (~> 5)
    - RxSwift (~> 5)
  - RxDataSources (4.0.1):
    - Differentiator (~> 4.0)
    - RxCocoa (~> 5.0)
    - RxSwift (~> 5.0)
  - RxGesture (3.0.2):
    - RxCocoa (~> 5.1)
    - RxSwift (~> 5.1)
  - RxRelay (5.1.1):
    - RxSwift (~> 5)
  - RxSwift (5.1.1)

DEPENDENCIES:
  - ESPullToRefresh (~> 2.9.3)
  - RxCocoa (~> 5.1.1)
  - RxDataSources (~> 4.0.1)
  - RxGesture (~> 3.0.2)

SPEC REPOS:
  https://mirrors.tuna.tsinghua.edu.cn/git/CocoaPods/Specs.git:
    - Differentiator
    - ESPullToRefresh
    - RxCocoa
    - RxDataSources
    - RxGesture
    - RxRelay
    - RxSwift

SPEC CHECKSUMS:
  Differentiator: 886080237d9f87f322641dedbc5be257061b0602
  ESPullToRefresh: 0d68daa602b343c81753a1b95e09fd0bfcddfd40
  RxCocoa: 32065309a38d29b5b0db858819b5bf9ef038b601
  RxDataSources: efee07fa4de48477eca0a4611e6d11e2da9c1114
  RxGesture: d6bd7447ca3a596c7a9702a6a2b6a2bb5d8bae54
  RxRelay: d77f7d771495f43c556cbc43eebd1bb54d01e8e9
  RxSwift: 81470a2074fa8780320ea5fe4102807cb7118178

PODFILE CHECKSUM: e6124107aa7baa5900f0921477d914c7dc2eadec

COCOAPODS: 1.10.0
